
Microsoft Visual Studio Solution File, Format Version 12.00
# Visual Studio Version 17
VisualStudioVersion = 17.3.32922.545
MinimumVisualStudioVersion = 10.0.40219.1
Project("{FAE04EC0-301F-11D3-BF4B-00C04F79EFBC}") = "Задача66", "Задача66.csproj", "{FA6DA37D-DD46-4FFE-98D3-C8FABDF3B6C5}"
EndProject
Global
	GlobalSection(SolutionConfigurationPlatforms) = preSolution
		Debug|Any CPU = Debug|Any CPU
		Release|Any CPU = Release|Any CPU
	EndGlobalSection
	GlobalSection(ProjectConfigurationPlatforms) = postSolution
		{FA6DA37D-DD46-4FFE-98D3-C8FABDF3B6C5}.Debug|Any CPU.ActiveCfg = Debug|Any CPU
		{FA6DA37D-DD46-4FFE-98D3-C8FABDF3B6C5}.Debug|Any CPU.Build.0 = Debug|Any CPU
		{FA6DA37D-DD46-4FFE-98D3-C8FABDF3B6C5}.Release|Any CPU.ActiveCfg = Release|Any CPU
		{FA6DA37D-DD46-4FFE-98D3-C8FABDF3B6C5}.Release|Any CPU.Build.0 = Release|Any CPU
	EndGlobalSection
	GlobalSection(SolutionProperties) = preSolution
		HideSolutionNode = FALSE
	EndGlobalSection
	GlobalSection(ExtensibilityGlobals) = postSolution
		SolutionGuid = {6AAA3377-2644-4085-B32A-792A959456F2}
	EndGlobalSection
EndGlobal
